
Microsoft Visual Studio Solution File, Format Version 12.00
# Visual Studio Version 16
VisualStudioVersion = 16.0.30611.23
MinimumVisualStudioVersion = 10.0.40219.1
Project("{FAE04EC0-301F-11D3-BF4B-00C04F79EFBC}") = "Sistema", "Sistema.csproj", "{B5B5AA22-C118-4E49-BA04-54F973EF68EC}"
EndProject
Global
	GlobalSection(SolutionConfigurationPlatforms) = preSolution
		Debug|Any CPU = Debug|Any CPU
		Release|Any CPU = Release|Any CPU
	EndGlobalSection
	GlobalSection(ProjectConfigurationPlatforms) = postSolution
		{B5B5AA22-C118-4E49-BA04-54F973EF68EC}.Debug|Any CPU.ActiveCfg = Debug|Any CPU
		{B5B5AA22-C118-4E49-BA04-54F973EF68EC}.Debug|Any CPU.Build.0 = Debug|Any CPU
		{B5B5AA22-C118-4E49-BA04-54F973EF68EC}.Release|Any CPU.ActiveCfg = Release|Any CPU
		{B5B5AA22-C118-4E49-BA04-54F973EF68EC}.Release|Any CPU.Build.0 = Release|Any CPU
	EndGlobalSection
	GlobalSection(SolutionProperties) = preSolution
		HideSolutionNode = FALSE
	EndGlobalSection
	GlobalSection(ExtensibilityGlobals) = postSolution
		SolutionGuid = {23C29C17-61C6-49A5-A5D5-B04CD96FB828}
	EndGlobalSection
EndGlobal
